
Microsoft Visual Studio Solution File, Format Version 12.00
# Visual Studio Version 16
VisualStudioVersion = 16.0.31025.194
MinimumVisualStudioVersion = 10.0.40219.1
Project("{FAE04EC0-301F-11D3-BF4B-00C04F79EFBC}") = "ApiKeyApp", "ApiKeyApp\ApiKeyApp.csproj", "{F84BA7A9-E65E-48BD-9C3E-843DBC42143C}"
EndProject
Global
	GlobalSection(SolutionConfigurationPlatforms) = preSolution
		Debug|Any CPU = Debug|Any CPU
		Release|Any CPU = Release|Any CPU
	EndGlobalSection
	GlobalSection(ProjectConfigurationPlatforms) = postSolution
		{F84BA7A9-E65E-48BD-9C3E-843DBC42143C}.Debug|Any CPU.ActiveCfg = Debug|Any CPU
		{F84BA7A9-E65E-48BD-9C3E-843DBC42143C}.Debug|Any CPU.Build.0 = Debug|Any CPU
		{F84BA7A9-E65E-48BD-9C3E-843DBC42143C}.Release|Any CPU.ActiveCfg = Release|Any CPU
		{F84BA7A9-E65E-48BD-9C3E-843DBC42143C}.Release|Any CPU.Build.0 = Release|Any CPU
	EndGlobalSection
	GlobalSection(SolutionProperties) = preSolution
		HideSolutionNode = FALSE
	EndGlobalSection
	GlobalSection(ExtensibilityGlobals) = postSolution
		SolutionGuid = {15666DDD-CC3E-47C2-A144-C2C4E3CCE2C8}
	EndGlobalSection
EndGlobal
